
Microsoft Visual Studio Solution File, Format Version 12.00
# Visual Studio Version 17
VisualStudioVersion = 17.0.31903.59
MinimumVisualStudioVersion = 10.0.40219.1
Project("{9A19103F-16F7-4668-BE54-9A1E7A4F7556}") = "RD3Tools", "RD3Tools\RD3Tools.csproj", "{B7A3924D-078E-47D2-B7D6-EE1617492822}"
EndProject
Global
	GlobalSection(SolutionConfigurationPlatforms) = preSolution
		Debug|Any CPU = Debug|Any CPU
		Release|Any CPU = Release|Any CPU
	EndGlobalSection
	GlobalSection(ProjectConfigurationPlatforms) = postSolution
		{B7A3924D-078E-47D2-B7D6-EE1617492822}.Debug|Any CPU.ActiveCfg = Debug|Any CPU
		{B7A3924D-078E-47D2-B7D6-EE1617492822}.Debug|Any CPU.Build.0 = Debug|Any CPU
		{B7A3924D-078E-47D2-B7D6-EE1617492822}.Release|Any CPU.ActiveCfg = Release|Any CPU
		{B7A3924D-078E-47D2-B7D6-EE1617492822}.Release|Any CPU.Build.0 = Release|Any CPU
	EndGlobalSection
	GlobalSection(SolutionProperties) = preSolution
		HideSolutionNode = FALSE
	EndGlobalSection
	GlobalSection(ExtensibilityGlobals) = postSolution
		SolutionGuid = {16329096-CCFA-4679-B66D-E93AAFB5CC03}
	EndGlobalSection
EndGlobal
